
Microsoft Visual Studio Solution File, Format Version 12.00
# Visual Studio 15
VisualStudioVersion = 15.0.28010.2041
MinimumVisualStudioVersion = 10.0.40219.1
Project("{FAE04EC0-301F-11D3-BF4B-00C04F79EFBC}") = "BackendReact", "BackendReact\BackendReact.csproj", "{75564DC5-BD2A-4D24-8D8D-01ABED32007B}"
EndProject
Global
	GlobalSection(SolutionConfigurationPlatforms) = preSolution
		Debug|Any CPU = Debug|Any CPU
		Release|Any CPU = Release|Any CPU
	EndGlobalSection
	GlobalSection(ProjectConfigurationPlatforms) = postSolution
		{75564DC5-BD2A-4D24-8D8D-01ABED32007B}.Debug|Any CPU.ActiveCfg = Debug|Any CPU
		{75564DC5-BD2A-4D24-8D8D-01ABED32007B}.Debug|Any CPU.Build.0 = Debug|Any CPU
		{75564DC5-BD2A-4D24-8D8D-01ABED32007B}.Release|Any CPU.ActiveCfg = Release|Any CPU
		{75564DC5-BD2A-4D24-8D8D-01ABED32007B}.Release|Any CPU.Build.0 = Release|Any CPU
	EndGlobalSection
	GlobalSection(SolutionProperties) = preSolution
		HideSolutionNode = FALSE
	EndGlobalSection
	GlobalSection(ExtensibilityGlobals) = postSolution
		SolutionGuid = {D0F4D4EE-EC0B-4AA0-82D3-7C1B73170996}
	EndGlobalSection
EndGlobal
